
Microsoft Visual Studio Solution File, Format Version 12.00
# Visual Studio Version 17
VisualStudioVersion = 17.0.31919.166
MinimumVisualStudioVersion = 10.0.40219.1
Project("{8BC9CEB8-8B4A-11D0-8D11-00A0C91BC942}") = "praktik2", "praktik2\praktik2.vcxproj", "{94CDB212-96BF-4D64-A0CD-5964BA623FDE}"
EndProject
Global
	GlobalSection(SolutionConfigurationPlatforms) = preSolution
		Debug|x64 = Debug|x64
		Debug|x86 = Debug|x86
		Release|x64 = Release|x64
		Release|x86 = Release|x86
	EndGlobalSection
	GlobalSection(ProjectConfigurationPlatforms) = postSolution
		{94CDB212-96BF-4D64-A0CD-5964BA623FDE}.Debug|x64.ActiveCfg = Debug|x64
		{94CDB212-96BF-4D64-A0CD-5964BA623FDE}.Debug|x64.Build.0 = Debug|x64
		{94CDB212-96BF-4D64-A0CD-5964BA623FDE}.Debug|x86.ActiveCfg = Debug|Win32
		{94CDB212-96BF-4D64-A0CD-5964BA623FDE}.Debug|x86.Build.0 = Debug|Win32
		{94CDB212-96BF-4D64-A0CD-5964BA623FDE}.Release|x64.ActiveCfg = Release|x64
		{94CDB212-96BF-4D64-A0CD-5964BA623FDE}.Release|x64.Build.0 = Release|x64
		{94CDB212-96BF-4D64-A0CD-5964BA623FDE}.Release|x86.ActiveCfg = Release|Win32
		{94CDB212-96BF-4D64-A0CD-5964BA623FDE}.Release|x86.Build.0 = Release|Win32
	EndGlobalSection
	GlobalSection(SolutionProperties) = preSolution
		HideSolutionNode = FALSE
	EndGlobalSection
	GlobalSection(ExtensibilityGlobals) = postSolution
		SolutionGuid = {65CAE73E-5DF0-4515-B773-82D6896C18B3}
	EndGlobalSection
EndGlobal
